
Microsoft Visual Studio Solution File, Format Version 12.00
# Visual Studio Version 16
VisualStudioVersion = 16.0.30011.22
MinimumVisualStudioVersion = 10.0.40219.1
Project("{FAE04EC0-301F-11D3-BF4B-00C04F79EFBC}") = "F.PoliceOnUI", "F.PoliceOnUI.csproj", "{BC3FACE4-0015-48CD-8F2A-945D6423D19F}"
EndProject
Global
	GlobalSection(SolutionConfigurationPlatforms) = preSolution
		Debug|Any CPU = Debug|Any CPU
		Release|Any CPU = Release|Any CPU
	EndGlobalSection
	GlobalSection(ProjectConfigurationPlatforms) = postSolution
		{BC3FACE4-0015-48CD-8F2A-945D6423D19F}.Debug|Any CPU.ActiveCfg = Debug|Any CPU
		{BC3FACE4-0015-48CD-8F2A-945D6423D19F}.Debug|Any CPU.Build.0 = Debug|Any CPU
		{BC3FACE4-0015-48CD-8F2A-945D6423D19F}.Release|Any CPU.ActiveCfg = Release|Any CPU
		{BC3FACE4-0015-48CD-8F2A-945D6423D19F}.Release|Any CPU.Build.0 = Release|Any CPU
	EndGlobalSection
	GlobalSection(SolutionProperties) = preSolution
		HideSolutionNode = FALSE
	EndGlobalSection
	GlobalSection(ExtensibilityGlobals) = postSolution
		SolutionGuid = {E59964C7-F699-4498-80C8-5BEBFE7B015C}
	EndGlobalSection
EndGlobal
